
Microsoft Visual Studio Solution File, Format Version 12.00
# Visual Studio 15
VisualStudioVersion = 15.0.28307.705
MinimumVisualStudioVersion = 10.0.40219.1
Project("{FAE04EC0-301F-11D3-BF4B-00C04F79EFBC}") = "ArraysHomeOfficce", "ArraysHomeOfficce\ArraysHomeOfficce.csproj", "{6E334A10-4AFD-44B0-8743-8048A900D7D7}"
EndProject
Global
	GlobalSection(SolutionConfigurationPlatforms) = preSolution
		Debug|Any CPU = Debug|Any CPU
		Release|Any CPU = Release|Any CPU
	EndGlobalSection
	GlobalSection(ProjectConfigurationPlatforms) = postSolution
		{6E334A10-4AFD-44B0-8743-8048A900D7D7}.Debug|Any CPU.ActiveCfg = Debug|Any CPU
		{6E334A10-4AFD-44B0-8743-8048A900D7D7}.Debug|Any CPU.Build.0 = Debug|Any CPU
		{6E334A10-4AFD-44B0-8743-8048A900D7D7}.Release|Any CPU.ActiveCfg = Release|Any CPU
		{6E334A10-4AFD-44B0-8743-8048A900D7D7}.Release|Any CPU.Build.0 = Release|Any CPU
	EndGlobalSection
	GlobalSection(SolutionProperties) = preSolution
		HideSolutionNode = FALSE
	EndGlobalSection
	GlobalSection(ExtensibilityGlobals) = postSolution
		SolutionGuid = {78AE52BC-7016-49B0-8EBE-07C337339A4D}
	EndGlobalSection
EndGlobal
